
Microsoft Visual Studio Solution File, Format Version 12.00
# Visual Studio 15
VisualStudioVersion = 15.0.28307.1082
MinimumVisualStudioVersion = 10.0.40219.1
Project("{FAE04EC0-301F-11D3-BF4B-00C04F79EFBC}") = "horseracing", "horseracing\horseracing.csproj", "{7747B390-1BE2-411F-A7B0-6F9FAE4C5AA7}"
EndProject
Global
	GlobalSection(SolutionConfigurationPlatforms) = preSolution
		Debug|Any CPU = Debug|Any CPU
		Release|Any CPU = Release|Any CPU
	EndGlobalSection
	GlobalSection(ProjectConfigurationPlatforms) = postSolution
		{7747B390-1BE2-411F-A7B0-6F9FAE4C5AA7}.Debug|Any CPU.ActiveCfg = Debug|Any CPU
		{7747B390-1BE2-411F-A7B0-6F9FAE4C5AA7}.Debug|Any CPU.Build.0 = Debug|Any CPU
		{7747B390-1BE2-411F-A7B0-6F9FAE4C5AA7}.Release|Any CPU.ActiveCfg = Release|Any CPU
		{7747B390-1BE2-411F-A7B0-6F9FAE4C5AA7}.Release|Any CPU.Build.0 = Release|Any CPU
	EndGlobalSection
	GlobalSection(SolutionProperties) = preSolution
		HideSolutionNode = FALSE
	EndGlobalSection
	GlobalSection(ExtensibilityGlobals) = postSolution
		SolutionGuid = {C4CD5FD8-1DB6-4A4F-84FB-40C6103DEFA6}
	EndGlobalSection
EndGlobal
